// !$*UTF8*$!
{
	archiveVersion = 1;
	classes = {
	};
	objectVersion = 48;
	objects = {

/* Begin PBXBuildFile section */
		3A0137BC202AB2EF006162A9 /* nsf_ellenochoa_square.jpg in Resources */ = {isa = PBXBuildFile; fileRef = 3A01379E202AB2EE006162A9 /* nsf_ellenochoa_square.jpg */; };
		3A0137BD202AB2EF006162A9 /* eniac.jpg in Resources */ = {isa = PBXBuildFile; fileRef = 3A01379F202AB2EE006162A9 /* eniac.jpg */; };
		3A0137BE202AB2EF006162A9 /* rosalind-franklin.jpg in Resources */ = {isa = PBXBuildFile; fileRef = 3A0137A0202AB2EE006162A9 /* rosalind-franklin.jpg */; };
		3A0137BF202AB2EF006162A9 /* carol_shaw.jpg in Resources */ = {isa = PBXBuildFile; fileRef = 3A0137A1202AB2EE006162A9 /* carol_shaw.jpg */; };
		3A0137C0202AB2EF006162A9 /* computerGirls.jpg in Resources */ = {isa = PBXBuildFile; fileRef = 3A0137A2202AB2EE006162A9 /* computerGirls.jpg */; };
		3A0137C1202AB2EF006162A9 /* katherine-johnson.jpg in Resources */ = {isa = PBXBuildFile; fileRef = 3A0137A3202AB2EE006162A9 /* katherine-johnson.jpg */; };
		3A0137C2202AB2EF006162A9 /* lillianmollergilbraith_square.jpg in Resources */ = {isa = PBXBuildFile; fileRef = 3A0137A4202AB2EE006162A9 /* lillianmollergilbraith_square.jpg */; };
		3A0137C3202AB2EF006162A9 /* Radia_Perlman.jpg in Resources */ = {isa = PBXBuildFile; fileRef = 3A0137A5202AB2EE006162A9 /* Radia_Perlman.jpg */; };
		3A0137C4202AB2EF006162A9 /* JaneseSwanson.jpg in Resources */ = {isa = PBXBuildFile; fileRef = 3A0137A6202AB2EE006162A9 /* JaneseSwanson.jpg */; };
		3A0137C5202AB2EF006162A9 /* lydia-v-k.jpg in Resources */ = {isa = PBXBuildFile; fileRef = 3A0137A7202AB2EE006162A9 /* lydia-v-k.jpg */; };
		3A0137C6202AB2EF006162A9 /* mercury-13.jpg in Resources */ = {isa = PBXBuildFile; fileRef = 3A0137A8202AB2EE006162A9 /* mercury-13.jpg */; };
		3A0137C7202AB2EF006162A9 /* anadupreyphoto_square.jpg in Resources */ = {isa = PBXBuildFile; fileRef = 3A0137A9202AB2EE006162A9 /* anadupreyphoto_square.jpg */; };
		3A0137C8202AB2EF006162A9 /* susan_kare.jpg in Resources */ = {isa = PBXBuildFile; fileRef = 3A0137AA202AB2EE006162A9 /* susan_kare.jpg */; };
		3A0137C9202AB2EF006162A9 /* virginiahholsinger.jpg in Resources */ = {isa = PBXBuildFile; fileRef = 3A0137AB202AB2EE006162A9 /* virginiahholsinger.jpg */; };
		3A0137CA202AB2EF006162A9 /* ruthroganbenerito_square.jpg in Resources */ = {isa = PBXBuildFile; fileRef = 3A0137AC202AB2EE006162A9 /* ruthroganbenerito_square.jpg */; };
		3A0137CB202AB2EF006162A9 /* rachel-carson.jpg in Resources */ = {isa = PBXBuildFile; fileRef = 3A0137AD202AB2EE006162A9 /* rachel-carson.jpg */; };
		3A0137CC202AB2EF006162A9 /* mary_kenneth_keller.jpg in Resources */ = {isa = PBXBuildFile; fileRef = 3A0137AE202AB2EE006162A9 /* mary_kenneth_keller.jpg */; };
		3A0137CD202AB2EF006162A9 /* maria-klawe.jpg in Resources */ = {isa = PBXBuildFile; fileRef = 3A0137AF202AB2EE006162A9 /* maria-klawe.jpg */; };
		3A0137CE202AB2EF006162A9 /* sally-ride.jpg in Resources */ = {isa = PBXBuildFile; fileRef = 3A0137B0202AB2EE006162A9 /* sally-ride.jpg */; };
		3A0137CF202AB2EF006162A9 /* mollieorshansky.jpg in Resources */ = {isa = PBXBuildFile; fileRef = 3A0137B1202AB2EE006162A9 /* mollieorshansky.jpg */; };
		3A0137D0202AB2EF006162A9 /* barbara-mcclintock.jpg in Resources */ = {isa = PBXBuildFile; fileRef = 3A0137B2202AB2EE006162A9 /* barbara-mcclintock.jpg */; };
		3A0137D1202AB2EF006162A9 /* Evelyn_Boyd_Granville.jpg in Resources */ = {isa = PBXBuildFile; fileRef = 3A0137B3202AB2EE006162A9 /* Evelyn_Boyd_Granville.jpg */; };
		3A0137D2202AB2EF006162A9 /* Margaret_Hamilton.jpg in Resources */ = {isa = PBXBuildFile; fileRef = 3A0137B4202AB2EE006162A9 /* Margaret_Hamilton.jpg */; };
		3A0137D3202AB2EF006162A9 /* background_button2.png in Resources */ = {isa = PBXBuildFile; fileRef = 3A0137B5202AB2EE006162A9 /* background_button2.png */; };
		3A0137D4202AB2EF006162A9 /* ada-lovelace.jpg in Resources */ = {isa = PBXBuildFile; fileRef = 3A0137B6202AB2EE006162A9 /* ada-lovelace.jpg */; };
		3A0137D5202AB2EF006162A9 /* grace-hopper.jpg in Resources */ = {isa = PBXBuildFile; fileRef = 3A0137B7202AB2EE006162A9 /* grace-hopper.jpg */; };
		3A0137D6202AB2EF006162A9 /* edith_clarke.jpg in Resources */ = {isa = PBXBuildFile; fileRef = 3A0137B8202AB2EE006162A9 /* edith_clarke.jpg */; };
		3A0137D7202AB2EF006162A9 /* maryenglepennington.jpg in Resources */ = {isa = PBXBuildFile; fileRef = 3A0137B9202AB2EE006162A9 /* maryenglepennington.jpg */; };
		3A0137D8202AB2EF006162A9 /* doe_calutronpic_square.jpg in Resources */ = {isa = PBXBuildFile; fileRef = 3A0137BA202AB2EE006162A9 /* doe_calutronpic_square.jpg */; };
		3A0137D9202AB2EF006162A9 /* eniac 19-59-56-609.jpg in Resources */ = {isa = PBXBuildFile; fileRef = 3A0137BB202AB2EE006162A9 /* eniac 19-59-56-609.jpg */; };
		3A909306202D4C59001131A4 /* LadyDetailViewController.swift in Sources */ = {isa = PBXBuildFile; fileRef = 3A909305202D4C59001131A4 /* LadyDetailViewController.swift */; };
		3AF86C012026B0010096D41E /* AppDelegate.swift in Sources */ = {isa = PBXBuildFile; fileRef = 3AF86C002026B0010096D41E /* AppDelegate.swift */; };
		3AF86C032026B0010096D41E /* WomenVC.swift in Sources */ = {isa = PBXBuildFile; fileRef = 3AF86C022026B0010096D41E /* WomenVC.swift */; };
		3AF86C062026B0010096D41E /* Main.storyboard in Resources */ = {isa = PBXBuildFile; fileRef = 3AF86C042026B0010096D41E /* Main.storyboard */; };
		3AF86C082026B0010096D41E /* Assets.xcassets in Resources */ = {isa = PBXBuildFile; fileRef = 3AF86C072026B0010096D41E /* Assets.xcassets */; };
		3AF86C0B2026B0010096D41E /* LaunchScreen.storyboard in Resources */ = {isa = PBXBuildFile; fileRef = 3AF86C092026B0010096D41E /* LaunchScreen.storyboard */; };
		3AF86C4E2026BB6C0096D41E /* SwiftyJSON.swift in Sources */ = {isa = PBXBuildFile; fileRef = 3AF86C4D2026BB6C0096D41E /* SwiftyJSON.swift */; };
/* End PBXBuildFile section */

/* Begin PBXFileReference section */
		3A01371D202AA045006162A9 /* Women_in_STEM.app */ = {isa = PBXFileReference; explicitFileType = wrapper.application; includeInIndex = 0; path = Women_in_STEM.app; sourceTree = BUILT_PRODUCTS_DIR; };
		3A01379E202AB2EE006162A9 /* nsf_ellenochoa_square.jpg */ = {isa = PBXFileReference; lastKnownFileType = image.jpeg; path = nsf_ellenochoa_square.jpg; sourceTree = "<group>"; };
		3A01379F202AB2EE006162A9 /* eniac.jpg */ = {isa = PBXFileReference; lastKnownFileType = image.jpeg; path = eniac.jpg; sourceTree = "<group>"; };
		3A0137A0202AB2EE006162A9 /* rosalind-franklin.jpg */ = {isa = PBXFileReference; lastKnownFileType = image.jpeg; path = "rosalind-franklin.jpg"; sourceTree = "<group>"; };
		3A0137A1202AB2EE006162A9 /* carol_shaw.jpg */ = {isa = PBXFileReference; lastKnownFileType = image.jpeg; path = carol_shaw.jpg; sourceTree = "<group>"; };
		3A0137A2202AB2EE006162A9 /* computerGirls.jpg */ = {isa = PBXFileReference; lastKnownFileType = image.jpeg; path = computerGirls.jpg; sourceTree = "<group>"; };
		3A0137A3202AB2EE006162A9 /* katherine-johnson.jpg */ = {isa = PBXFileReference; lastKnownFileType = image.jpeg; path = "katherine-johnson.jpg"; sourceTree = "<group>"; };
		3A0137A4202AB2EE006162A9 /* lillianmollergilbraith_square.jpg */ = {isa = PBXFileReference; lastKnownFileType = image.jpeg; path = lillianmollergilbraith_square.jpg; sourceTree = "<group>"; };
		3A0137A5202AB2EE006162A9 /* Radia_Perlman.jpg */ = {isa = PBXFileReference; lastKnownFileType = image.jpeg; path = Radia_Perlman.jpg; sourceTree = "<group>"; };
		3A0137A6202AB2EE006162A9 /* JaneseSwanson.jpg */ = {isa = PBXFileReference; lastKnownFileType = image.jpeg; path = JaneseSwanson.jpg; sourceTree = "<group>"; };
		3A0137A7202AB2EE006162A9 /* lydia-v-k.jpg */ = {isa = PBXFileReference; lastKnownFileType = image.jpeg; path = "lydia-v-k.jpg"; sourceTree = "<group>"; };
		3A0137A8202AB2EE006162A9 /* mercury-13.jpg */ = {isa = PBXFileReference; lastKnownFileType = image.jpeg; path = "mercury-13.jpg"; sourceTree = "<group>"; };
		3A0137A9202AB2EE006162A9 /* anadupreyphoto_square.jpg */ = {isa = PBXFileReference; lastKnownFileType = image.jpeg; path = anadupreyphoto_square.jpg; sourceTree = "<group>"; };
		3A0137AA202AB2EE006162A9 /* susan_kare.jpg */ = {isa = PBXFileReference; lastKnownFileType = image.jpeg; path = susan_kare.jpg; sourceTree = "<group>"; };
		3A0137AB202AB2EE006162A9 /* virginiahholsinger.jpg */ = {isa = PBXFileReference; lastKnownFileType = image.jpeg; path = virginiahholsinger.jpg; sourceTree = "<group>"; };
		3A0137AC202AB2EE006162A9 /* ruthroganbenerito_square.jpg */ = {isa = PBXFileReference; lastKnownFileType = image.jpeg; path = ruthroganbenerito_square.jpg; sourceTree = "<group>"; };
		3A0137AD202AB2EE006162A9 /* rachel-carson.jpg */ = {isa = PBXFileReference; lastKnownFileType = image.jpeg; path = "rachel-carson.jpg"; sourceTree = "<group>"; };
		3A0137AE202AB2EE006162A9 /* mary_kenneth_keller.jpg */ = {isa = PBXFileReference; lastKnownFileType = image.jpeg; path = mary_kenneth_keller.jpg; sourceTree = "<group>"; };
		3A0137AF202AB2EE006162A9 /* maria-klawe.jpg */ = {isa = PBXFileReference; lastKnownFileType = image.jpeg; path = "maria-klawe.jpg"; sourceTree = "<group>"; };
		3A0137B0202AB2EE006162A9 /* sally-ride.jpg */ = {isa = PBXFileReference; lastKnownFileType = image.jpeg; path = "sally-ride.jpg"; sourceTree = "<group>"; };
		3A0137B1202AB2EE006162A9 /* mollieorshansky.jpg */ = {isa = PBXFileReference; lastKnownFileType = image.jpeg; path = mollieorshansky.jpg; sourceTree = "<group>"; };
		3A0137B2202AB2EE006162A9 /* barbara-mcclintock.jpg */ = {isa = PBXFileReference; lastKnownFileType = image.jpeg; path = "barbara-mcclintock.jpg"; sourceTree = "<group>"; };
		3A0137B3202AB2EE006162A9 /* Evelyn_Boyd_Granville.jpg */ = {isa = PBXFileReference; lastKnownFileType = image.jpeg; path = Evelyn_Boyd_Granville.jpg; sourceTree = "<group>"; };
		3A0137B4202AB2EE006162A9 /* Margaret_Hamilton.jpg */ = {isa = PBXFileReference; lastKnownFileType = image.jpeg; path = Margaret_Hamilton.jpg; sourceTree = "<group>"; };
		3A0137B5202AB2EE006162A9 /* background_button2.png */ = {isa = PBXFileReference; lastKnownFileType = image.png; path = background_button2.png; sourceTree = "<group>"; };
		3A0137B6202AB2EE006162A9 /* ada-lovelace.jpg */ = {isa = PBXFileReference; lastKnownFileType = image.jpeg; path = "ada-lovelace.jpg"; sourceTree = "<group>"; };
		3A0137B7202AB2EE006162A9 /* grace-hopper.jpg */ = {isa = PBXFileReference; lastKnownFileType = image.jpeg; path = "grace-hopper.jpg"; sourceTree = "<group>"; };
		3A0137B8202AB2EE006162A9 /* edith_clarke.jpg */ = {isa = PBXFileReference; lastKnownFileType = image.jpeg; path = edith_clarke.jpg; sourceTree = "<group>"; };
		3A0137B9202AB2EE006162A9 /* maryenglepennington.jpg */ = {isa = PBXFileReference; lastKnownFileType = image.jpeg; path = maryenglepennington.jpg; sourceTree = "<group>"; };
		3A0137BA202AB2EE006162A9 /* doe_calutronpic_square.jpg */ = {isa = PBXFileReference; lastKnownFileType = image.jpeg; path = doe_calutronpic_square.jpg; sourceTree = "<group>"; };
		3A0137BB202AB2EE006162A9 /* eniac 19-59-56-609.jpg */ = {isa = PBXFileReference; lastKnownFileType = image.jpeg; path = "eniac 19-59-56-609.jpg"; sourceTree = "<group>"; };
		3A909305202D4C59001131A4 /* LadyDetailViewController.swift */ = {isa = PBXFileReference; lastKnownFileType = sourcecode.swift; path = LadyDetailViewController.swift; sourceTree = "<group>"; };
		3AF86C002026B0010096D41E /* AppDelegate.swift */ = {isa = PBXFileReference; lastKnownFileType = sourcecode.swift; path = AppDelegate.swift; sourceTree = "<group>"; };
		3AF86C022026B0010096D41E /* WomenVC.swift */ = {isa = PBXFileReference; lastKnownFileType = sourcecode.swift; path = WomenVC.swift; sourceTree = "<group>"; };
		3AF86C052026B0010096D41E /* Base */ = {isa = PBXFileReference; lastKnownFileType = file.storyboard; name = Base; path = Base.lproj/Main.storyboard; sourceTree = "<group>"; };
		3AF86C072026B0010096D41E /* Assets.xcassets */ = {isa = PBXFileReference; lastKnownFileType = folder.assetcatalog; path = Assets.xcassets; sourceTree = "<group>"; };
		3AF86C0A2026B0010096D41E /* Base */ = {isa = PBXFileReference; lastKnownFileType = file.storyboard; name = Base; path = Base.lproj/LaunchScreen.storyboard; sourceTree = "<group>"; };
		3AF86C0C2026B0010096D41E /* Info.plist */ = {isa = PBXFileReference; lastKnownFileType = text.plist.xml; path = Info.plist; sourceTree = "<group>"; };
		3AF86C4D2026BB6C0096D41E /* SwiftyJSON.swift */ = {isa = PBXFileReference; fileEncoding = 4; lastKnownFileType = sourcecode.swift; path = SwiftyJSON.swift; sourceTree = "<group>"; };
/* End PBXFileReference section */

/* Begin PBXFrameworksBuildPhase section */
		3AF86BFA2026B0010096D41E /* Frameworks */ = {
			isa = PBXFrameworksBuildPhase;
			buildActionMask = 2147483647;
			files = (
			);
			runOnlyForDeploymentPostprocessing = 0;
		};
/* End PBXFrameworksBuildPhase section */

/* Begin PBXGroup section */
		3A01379D202AB2EE006162A9 /* images */ = {
			isa = PBXGroup;
			children = (
				3A01379E202AB2EE006162A9 /* nsf_ellenochoa_square.jpg */,
				3A01379F202AB2EE006162A9 /* eniac.jpg */,
				3A0137A0202AB2EE006162A9 /* rosalind-franklin.jpg */,
				3A0137A1202AB2EE006162A9 /* carol_shaw.jpg */,
				3A0137A2202AB2EE006162A9 /* computerGirls.jpg */,
				3A0137A3202AB2EE006162A9 /* katherine-johnson.jpg */,
				3A0137A4202AB2EE006162A9 /* lillianmollergilbraith_square.jpg */,
				3A0137A5202AB2EE006162A9 /* Radia_Perlman.jpg */,
				3A0137A6202AB2EE006162A9 /* JaneseSwanson.jpg */,
				3A0137A7202AB2EE006162A9 /* lydia-v-k.jpg */,
				3A0137A8202AB2EE006162A9 /* mercury-13.jpg */,
				3A0137A9202AB2EE006162A9 /* anadupreyphoto_square.jpg */,
				3A0137AA202AB2EE006162A9 /* susan_kare.jpg */,
				3A0137AB202AB2EE006162A9 /* virginiahholsinger.jpg */,
				3A0137AC202AB2EE006162A9 /* ruthroganbenerito_square.jpg */,
				3A0137AD202AB2EE006162A9 /* rachel-carson.jpg */,
				3A0137AE202AB2EE006162A9 /* mary_kenneth_keller.jpg */,
				3A0137AF202AB2EE006162A9 /* maria-klawe.jpg */,
				3A0137B0202AB2EE006162A9 /* sally-ride.jpg */,
				3A0137B1202AB2EE006162A9 /* mollieorshansky.jpg */,
				3A0137B2202AB2EE006162A9 /* barbara-mcclintock.jpg */,
				3A0137B3202AB2EE006162A9 /* Evelyn_Boyd_Granville.jpg */,
				3A0137B4202AB2EE006162A9 /* Margaret_Hamilton.jpg */,
				3A0137B5202AB2EE006162A9 /* background_button2.png */,
				3A0137B6202AB2EE006162A9 /* ada-lovelace.jpg */,
				3A0137B7202AB2EE006162A9 /* grace-hopper.jpg */,
				3A0137B8202AB2EE006162A9 /* edith_clarke.jpg */,
				3A0137B9202AB2EE006162A9 /* maryenglepennington.jpg */,
				3A0137BA202AB2EE006162A9 /* doe_calutronpic_square.jpg */,
				3A0137BB202AB2EE006162A9 /* eniac 19-59-56-609.jpg */,
			);
			name = images;
			path = ../../images;
			sourceTree = "<group>";
		};
		3A909301202D4699001131A4 /* Controller */ = {
			isa = PBXGroup;
			children = (
				3AF86C022026B0010096D41E /* WomenVC.swift */,
			);
			name = Controller;
			path = "New Group";
			sourceTree = "<group>";
		};
		3A909304202D4A86001131A4 /* View */ = {
			isa = PBXGroup;
			children = (
				3A909305202D4C59001131A4 /* LadyDetailViewController.swift */,
			);
			path = View;
			sourceTree = "<group>";
		};
		3AF86BF42026B0010096D41E = {
			isa = PBXGroup;
			children = (
				3AF86BFF2026B0010096D41E /* Women_in_STEM */,
				3A01371D202AA045006162A9 /* Women_in_STEM.app */,
			);
			sourceTree = "<group>";
		};
		3AF86BFF2026B0010096D41E /* Women_in_STEM */ = {
			isa = PBXGroup;
			children = (
				3A909304202D4A86001131A4 /* View */,
				3A909301202D4699001131A4 /* Controller */,
				3AF86C002026B0010096D41E /* AppDelegate.swift */,
				3AF86C042026B0010096D41E /* Main.storyboard */,
				3AF86C072026B0010096D41E /* Assets.xcassets */,
				3AF86C092026B0010096D41E /* LaunchScreen.storyboard */,
				3AF86C0C2026B0010096D41E /* Info.plist */,
				3AF86C4D2026BB6C0096D41E /* SwiftyJSON.swift */,
				3A01379D202AB2EE006162A9 /* images */,
			);
			path = Women_in_STEM;
			sourceTree = "<group>";
		};
/* End PBXGroup section */

/* Begin PBXNativeTarget section */
		3AF86BFC2026B0010096D41E /* Women_in_STEM */ = {
			isa = PBXNativeTarget;
			buildConfigurationList = 3AF86C0F2026B0010096D41E /* Build configuration list for PBXNativeTarget "Women_in_STEM" */;
			buildPhases = (
				3AF86BF92026B0010096D41E /* Sources */,
				3AF86BFA2026B0010096D41E /* Frameworks */,
				3AF86BFB2026B0010096D41E /* Resources */,
			);
			buildRules = (
			);
			dependencies = (
			);
			name = Women_in_STEM;
			productName = Women_in_STEM;
			productReference = 3A01371D202AA045006162A9 /* Women_in_STEM.app */;
			productType = "com.apple.product-type.application";
		};
/* End PBXNativeTarget section */

/* Begin PBXProject section */
		3AF86BF52026B0010096D41E /* Project object */ = {
			isa = PBXProject;
			attributes = {
				LastSwiftUpdateCheck = 0920;
				LastUpgradeCheck = 0920;
				ORGANIZATIONNAME = thecoderpilot;
				TargetAttributes = {
					3AF86BFC2026B0010096D41E = {
						CreatedOnToolsVersion = 9.2;
						ProvisioningStyle = Automatic;
					};
				};
			};
			buildConfigurationList = 3AF86BF82026B0010096D41E /* Build configuration list for PBXProject "Women_in_STEM" */;
			compatibilityVersion = "Xcode 8.0";
			developmentRegion = en;
			hasScannedForEncodings = 0;
			knownRegions = (
				en,
				Base,
			);
			mainGroup = 3AF86BF42026B0010096D41E;
			productRefGroup = 3AF86BF42026B0010096D41E;
			projectDirPath = "";
			projectRoot = "";
			targets = (
				3AF86BFC2026B0010096D41E /* Women_in_STEM */,
			);
		};
/* End PBXProject section */

/* Begin PBXResourcesBuildPhase section */
		3AF86BFB2026B0010096D41E /* Resources */ = {
			isa = PBXResourcesBuildPhase;
			buildActionMask = 2147483647;
			files = (
				3A0137D5202AB2EF006162A9 /* grace-hopper.jpg in Resources */,
				3A0137CD202AB2EF006162A9 /* maria-klawe.jpg in Resources */,
				3A0137D1202AB2EF006162A9 /* Evelyn_Boyd_Granville.jpg in Resources */,
				3A0137C3202AB2EF006162A9 /* Radia_Perlman.jpg in Resources */,
				3A0137C0202AB2EF006162A9 /* computerGirls.jpg in Resources */,
				3A0137BC202AB2EF006162A9 /* nsf_ellenochoa_square.jpg in Resources */,
				3A0137C7202AB2EF006162A9 /* anadupreyphoto_square.jpg in Resources */,
				3A0137CE202AB2EF006162A9 /* sally-ride.jpg in Resources */,
				3A0137D6202AB2EF006162A9 /* edith_clarke.jpg in Resources */,
				3A0137CF202AB2EF006162A9 /* mollieorshansky.jpg in Resources */,
				3A0137BD202AB2EF006162A9 /* eniac.jpg in Resources */,
				3AF86C0B2026B0010096D41E /* LaunchScreen.storyboard in Resources */,
				3AF86C082026B0010096D41E /* Assets.xcassets in Resources */,
				3A0137BF202AB2EF006162A9 /* carol_shaw.jpg in Resources */,
				3A0137C2202AB2EF006162A9 /* lillianmollergilbraith_square.jpg in Resources */,
				3A0137D4202AB2EF006162A9 /* ada-lovelace.jpg in Resources */,
				3A0137C8202AB2EF006162A9 /* susan_kare.jpg in Resources */,
				3A0137D7202AB2EF006162A9 /* maryenglepennington.jpg in Resources */,
				3A0137BE202AB2EF006162A9 /* rosalind-franklin.jpg in Resources */,
				3A0137C9202AB2EF006162A9 /* virginiahholsinger.jpg in Resources */,
				3A0137D8202AB2EF006162A9 /* doe_calutronpic_square.jpg in Resources */,
				3A0137D9202AB2EF006162A9 /* eniac 19-59-56-609.jpg in Resources */,
				3A0137CB202AB2EF006162A9 /* rachel-carson.jpg in Resources */,
				3A0137D3202AB2EF006162A9 /* background_button2.png in Resources */,
				3A0137C5202AB2EF006162A9 /* lydia-v-k.jpg in Resources */,
				3A0137C1202AB2EF006162A9 /* katherine-johnson.jpg in Resources */,
				3AF86C062026B0010096D41E /* Main.storyboard in Resources */,
				3A0137C4202AB2EF006162A9 /* JaneseSwanson.jpg in Resources */,
				3A0137D0202AB2EF006162A9 /* barbara-mcclintock.jpg in Resources */,
				3A0137CC202AB2EF006162A9 /* mary_kenneth_keller.jpg in Resources */,
				3A0137C6202AB2EF006162A9 /* mercury-13.jpg in Resources */,
				3A0137D2202AB2EF006162A9 /* Margaret_Hamilton.jpg in Resources */,
				3A0137CA202AB2EF006162A9 /* ruthroganbenerito_square.jpg in Resources */,
			);
			runOnlyForDeploymentPostprocessing = 0;
		};
/* End PBXResourcesBuildPhase section */

/* Begin PBXSourcesBuildPhase section */
		3AF86BF92026B0010096D41E /* Sources */ = {
			isa = PBXSourcesBuildPhase;
			buildActionMask = 2147483647;
			files = (
				3AF86C4E2026BB6C0096D41E /* SwiftyJSON.swift in Sources */,
				3A909306202D4C59001131A4 /* LadyDetailViewController.swift in Sources */,
				3AF86C032026B0010096D41E /* WomenVC.swift in Sources */,
				3AF86C012026B0010096D41E /* AppDelegate.swift in Sources */,
			);
			runOnlyForDeploymentPostprocessing = 0;
		};
/* End PBXSourcesBuildPhase section */

/* Begin PBXVariantGroup section */
		3AF86C042026B0010096D41E /* Main.storyboard */ = {
			isa = PBXVariantGroup;
			children = (
				3AF86C052026B0010096D41E /* Base */,
			);
			name = Main.storyboard;
			sourceTree = "<group>";
		};
		3AF86C092026B0010096D41E /* LaunchScreen.storyboard */ = {
			isa = PBXVariantGroup;
			children = (
				3AF86C0A2026B0010096D41E /* Base */,
			);
			name = LaunchScreen.storyboard;
			sourceTree = "<group>";
		};
/* End PBXVariantGroup section */

/* Begin XCBuildConfiguration section */
		3AF86C0D2026B0010096D41E /* Debug */ = {
			isa = XCBuildConfiguration;
			buildSettings = {
				ALWAYS_SEARCH_USER_PATHS = NO;
				CLANG_ANALYZER_NONNULL = YES;
				CLANG_ANALYZER_NUMBER_OBJECT_CONVERSION = YES_AGGRESSIVE;
				CLANG_CXX_LANGUAGE_STANDARD = "gnu++14";
				CLANG_CXX_LIBRARY = "libc++";
				CLANG_ENABLE_MODULES = YES;
				CLANG_ENABLE_OBJC_ARC = YES;
				CLANG_WARN_BLOCK_CAPTURE_AUTORELEASING = YES;
				CLANG_WARN_BOOL_CONVERSION = YES;
				CLANG_WARN_COMMA = YES;
				CLANG_WARN_CONSTANT_CONVERSION = YES;
				CLANG_WARN_DIRECT_OBJC_ISA_USAGE = YES_ERROR;
				CLANG_WARN_DOCUMENTATION_COMMENTS = YES;
				CLANG_WARN_EMPTY_BODY = YES;
				CLANG_WARN_ENUM_CONVERSION = YES;
				CLANG_WARN_INFINITE_RECURSION = YES;
				CLANG_WARN_INT_CONVERSION = YES;
				CLANG_WARN_NON_LITERAL_NULL_CONVERSION = YES;
				CLANG_WARN_OBJC_LITERAL_CONVERSION = YES;
				CLANG_WARN_OBJC_ROOT_CLASS = YES_ERROR;
				CLANG_WARN_RANGE_LOOP_ANALYSIS = YES;
				CLANG_WARN_STRICT_PROTOTYPES = YES;
				CLANG_WARN_SUSPICIOUS_MOVE = YES;
				CLANG_WARN_UNGUARDED_AVAILABILITY = YES_AGGRESSIVE;
				CLANG_WARN_UNREACHABLE_CODE = YES;
				CLANG_WARN__DUPLICATE_METHOD_MATCH = YES;
				CODE_SIGN_IDENTITY = "iPhone Developer";
				COPY_PHASE_STRIP = NO;
				DEBUG_INFORMATION_FORMAT = dwarf;
				ENABLE_STRICT_OBJC_MSGSEND = YES;
				ENABLE_TESTABILITY = YES;
				GCC_C_LANGUAGE_STANDARD = gnu11;
				GCC_DYNAMIC_NO_PIC = NO;
				GCC_NO_COMMON_BLOCKS = YES;
				GCC_OPTIMIZATION_LEVEL = 0;
				GCC_PREPROCESSOR_DEFINITIONS = (
					"DEBUG=1",
					"$(inherited)",
				);
				GCC_WARN_64_TO_32_BIT_CONVERSION = YES;
				GCC_WARN_ABOUT_RETURN_TYPE = YES_ERROR;
				GCC_WARN_UNDECLARED_SELECTOR = YES;
				GCC_WARN_UNINITIALIZED_AUTOS = YES_AGGRESSIVE;
				GCC_WARN_UNUSED_FUNCTION = YES;
				GCC_WARN_UNUSED_VARIABLE = YES;
				IPHONEOS_DEPLOYMENT_TARGET = 11.2;
				MTL_ENABLE_DEBUG_INFO = YES;
				ONLY_ACTIVE_ARCH = YES;
				SDKROOT = iphoneos;
				SWIFT_ACTIVE_COMPILATION_CONDITIONS = DEBUG;
				SWIFT_OPTIMIZATION_LEVEL = "-Onone";
			};
			name = Debug;
		};
		3AF86C0E2026B0010096D41E /* Release */ = {
			isa = XCBuildConfiguration;
			buildSettings = {
				ALWAYS_SEARCH_USER_PATHS = NO;
				CLANG_ANALYZER_NONNULL = YES;
				CLANG_ANALYZER_NUMBER_OBJECT_CONVERSION = YES_AGGRESSIVE;
				CLANG_CXX_LANGUAGE_STANDARD = "gnu++14";
				CLANG_CXX_LIBRARY = "libc++";
				CLANG_ENABLE_MODULES = YES;
				CLANG_ENABLE_OBJC_ARC = YES;
				CLANG_WARN_BLOCK_CAPTURE_AUTORELEASING = YES;
				CLANG_WARN_BOOL_CONVERSION = YES;
				CLANG_WARN_COMMA = YES;
				CLANG_WARN_CONSTANT_CONVERSION = YES;
				CLANG_WARN_DIRECT_OBJC_ISA_USAGE = YES_ERROR;
				CLANG_WARN_DOCUMENTATION_COMMENTS = YES;
				CLANG_WARN_EMPTY_BODY = YES;
				CLANG_WARN_ENUM_CONVERSION = YES;
				CLANG_WARN_INFINITE_RECURSION = YES;
				CLANG_WARN_INT_CONVERSION = YES;
				CLANG_WARN_NON_LITERAL_NULL_CONVERSION = YES;
				CLANG_WARN_OBJC_LITERAL_CONVERSION = YES;
				CLANG_WARN_OBJC_ROOT_CLASS = YES_ERROR;
				CLANG_WARN_RANGE_LOOP_ANALYSIS = YES;
				CLANG_WARN_STRICT_PROTOTYPES = YES;
				CLANG_WARN_SUSPICIOUS_MOVE = YES;
				CLANG_WARN_UNGUARDED_AVAILABILITY = YES_AGGRESSIVE;
				CLANG_WARN_UNREACHABLE_CODE = YES;
				CLANG_WARN__DUPLICATE_METHOD_MATCH = YES;
				CODE_SIGN_IDENTITY = "iPhone Developer";
				COPY_PHASE_STRIP = NO;
				DEBUG_INFORMATION_FORMAT = "dwarf-with-dsym";
				ENABLE_NS_ASSERTIONS = NO;
				ENABLE_STRICT_OBJC_MSGSEND = YES;
				GCC_C_LANGUAGE_STANDARD = gnu11;
				GCC_NO_COMMON_BLOCKS = YES;
				GCC_WARN_64_TO_32_BIT_CONVERSION = YES;
				GCC_WARN_ABOUT_RETURN_TYPE = YES_ERROR;
				GCC_WARN_UNDECLARED_SELECTOR = YES;
				GCC_WARN_UNINITIALIZED_AUTOS = YES_AGGRESSIVE;
				GCC_WARN_UNUSED_FUNCTION = YES;
				GCC_WARN_UNUSED_VARIABLE = YES;
				IPHONEOS_DEPLOYMENT_TARGET = 11.2;
				MTL_ENABLE_DEBUG_INFO = NO;
				SDKROOT = iphoneos;
				SWIFT_OPTIMIZATION_LEVEL = "-Owholemodule";
				VALIDATE_PRODUCT = YES;
			};
			name = Release;
		};
		3AF86C102026B0010096D41E /* Debug */ = {
			isa = XCBuildConfiguration;
			buildSettings = {
				ASSETCATALOG_COMPILER_APPICON_NAME = AppIcon;
				CODE_SIGN_STYLE = Automatic;
				DEVELOPMENT_TEAM = MMSJ2DXRDG;
				INFOPLIST_FILE = Women_in_STEM/Info.plist;
				LD_RUNPATH_SEARCH_PATHS = "$(inherited) @executable_path/Frameworks";
				PRODUCT_BUNDLE_IDENTIFIER = "com.thecoderpilot.Women-in-STEM";
				PRODUCT_NAME = "$(TARGET_NAME)";
				SWIFT_VERSION = 4.0;
				TARGETED_DEVICE_FAMILY = "1,2";
			};
			name = Debug;
		};
		3AF86C112026B0010096D41E /* Release */ = {
			isa = XCBuildConfiguration;
			buildSettings = {
				ASSETCATALOG_COMPILER_APPICON_NAME = AppIcon;
				CODE_SIGN_STYLE = Automatic;
				DEVELOPMENT_TEAM = MMSJ2DXRDG;
				INFOPLIST_FILE = Women_in_STEM/Info.plist;
				LD_RUNPATH_SEARCH_PATHS = "$(inherited) @executable_path/Frameworks";
				PRODUCT_BUNDLE_IDENTIFIER = "com.thecoderpilot.Women-in-STEM";
				PRODUCT_NAME = "$(TARGET_NAME)";
				SWIFT_VERSION = 4.0;
				TARGETED_DEVICE_FAMILY = "1,2";
			};
			name = Release;
		};
/* End XCBuildConfiguration section */

/* Begin XCConfigurationList section */
		3AF86BF82026B0010096D41E /* Build configuration list for PBXProject "Women_in_STEM" */ = {
			isa = XCConfigurationList;
			buildConfigurations = (
				3AF86C0D2026B0010096D41E /* Debug */,
				3AF86C0E2026B0010096D41E /* Release */,
			);
			defaultConfigurationIsVisible = 0;
			defaultConfigurationName = Release;
		};
		3AF86C0F2026B0010096D41E /* Build configuration list for PBXNativeTarget "Women_in_STEM" */ = {
			isa = XCConfigurationList;
			buildConfigurations = (
				3AF86C102026B0010096D41E /* Debug */,
				3AF86C112026B0010096D41E /* Release */,
			);
			defaultConfigurationIsVisible = 0;
			defaultConfigurationName = Release;
		};
/* End XCConfigurationList section */
	};
	rootObject = 3AF86BF52026B0010096D41E /* Project object */;
}
